// !$*UTF8*$!
{
	archiveVersion = 1;
	classes = {
	};
	objectVersion = 50;
	objects = {

/* Begin PBXBuildFile section */
		04E7DAD3B997D3C528517C82 /* Pods_WhoLeg.framework in Frameworks */ = {isa = PBXBuildFile; fileRef = 2FDD7114EE921E8B61A4A977 /* Pods_WhoLeg.framework */; };
		0D724D6922AA785D009AACAB /* Settings.bundle in Resources */ = {isa = PBXBuildFile; fileRef = 0D724D6822AA785C009AACAB /* Settings.bundle */; };
		0D8B5A02228FADE4001D1A44 /* AppDelegate.swift in Sources */ = {isa = PBXBuildFile; fileRef = 0D8B5A01228FADE4001D1A44 /* AppDelegate.swift */; };
		0D8B5A04228FADE4001D1A44 /* ViewController.swift in Sources */ = {isa = PBXBuildFile; fileRef = 0D8B5A03228FADE4001D1A44 /* ViewController.swift */; };
		0D8B5A07228FADE4001D1A44 /* Main.storyboard in Resources */ = {isa = PBXBuildFile; fileRef = 0D8B5A05228FADE4001D1A44 /* Main.storyboard */; };
		0D8B5A09228FADE6001D1A44 /* Assets.xcassets in Resources */ = {isa = PBXBuildFile; fileRef = 0D8B5A08228FADE6001D1A44 /* Assets.xcassets */; };
		0D8B5A0C228FADE6001D1A44 /* LaunchScreen.storyboard in Resources */ = {isa = PBXBuildFile; fileRef = 0D8B5A0A228FADE6001D1A44 /* LaunchScreen.storyboard */; };
		0D8B5A17228FADE6001D1A44 /* WhoLegTests.swift in Sources */ = {isa = PBXBuildFile; fileRef = 0D8B5A16228FADE6001D1A44 /* WhoLegTests.swift */; };
		0D8B5A22228FADE6001D1A44 /* WhoLegUITests.swift in Sources */ = {isa = PBXBuildFile; fileRef = 0D8B5A21228FADE6001D1A44 /* WhoLegUITests.swift */; };
		0D8B5A31228FD07F001D1A44 /* TitleViewController.swift in Sources */ = {isa = PBXBuildFile; fileRef = 0D8B5A2F228FD07F001D1A44 /* TitleViewController.swift */; };
		0D8B5A32228FD07F001D1A44 /* TitleViewController.xib in Resources */ = {isa = PBXBuildFile; fileRef = 0D8B5A30228FD07F001D1A44 /* TitleViewController.xib */; };
		0D8B5A35228FD1BA001D1A44 /* UIColor+Addition.swift in Sources */ = {isa = PBXBuildFile; fileRef = 0D8B5A34228FD1BA001D1A44 /* UIColor+Addition.swift */; };
		0D8B5A3F228FD2FD001D1A44 /* ResultViewController.swift in Sources */ = {isa = PBXBuildFile; fileRef = 0D8B5A3D228FD2FD001D1A44 /* ResultViewController.swift */; };
		0D8B5A46228FE01F001D1A44 /* Resource in Resources */ = {isa = PBXBuildFile; fileRef = 0D8B5A45228FE01F001D1A44 /* Resource */; };
		0D8B5A49228FE0EA001D1A44 /* QuizInfo.swift in Sources */ = {isa = PBXBuildFile; fileRef = 0D8B5A48228FE0EA001D1A44 /* QuizInfo.swift */; };
		0D8B5A4D228FF0D1001D1A44 /* TitleModel.swift in Sources */ = {isa = PBXBuildFile; fileRef = 0D8B5A4C228FF0D1001D1A44 /* TitleModel.swift */; };
		0D8B5A5222914FC8001D1A44 /* QuizViewController.swift in Sources */ = {isa = PBXBuildFile; fileRef = 0D8B5A5022914FC8001D1A44 /* QuizViewController.swift */; };
		0D8B5A5322914FC8001D1A44 /* QuizViewController.xib in Resources */ = {isa = PBXBuildFile; fileRef = 0D8B5A5122914FC8001D1A44 /* QuizViewController.xib */; };
		0D8B5A57229150B3001D1A44 /* QuizOptionButton.swift in Sources */ = {isa = PBXBuildFile; fileRef = 0D8B5A56229150B3001D1A44 /* QuizOptionButton.swift */; };
		0D8B5A59229150BD001D1A44 /* QuizOptionButton.xib in Resources */ = {isa = PBXBuildFile; fileRef = 0D8B5A58229150BD001D1A44 /* QuizOptionButton.xib */; };
		0D8B5A6322919509001D1A44 /* QuizPresenter.swift in Sources */ = {isa = PBXBuildFile; fileRef = 0D8B5A6222919509001D1A44 /* QuizPresenter.swift */; };
		0D8B5A6522919513001D1A44 /* QuizModel.swift in Sources */ = {isa = PBXBuildFile; fileRef = 0D8B5A6422919513001D1A44 /* QuizModel.swift */; };
		0D8B5A672292ECA4001D1A44 /* QuizWireframe.swift in Sources */ = {isa = PBXBuildFile; fileRef = 0D8B5A662292ECA4001D1A44 /* QuizWireframe.swift */; };
		0D8B5A692292F2BD001D1A44 /* TitlePresenter.swift in Sources */ = {isa = PBXBuildFile; fileRef = 0D8B5A682292F2BD001D1A44 /* TitlePresenter.swift */; };
		0D8B5A6B2293CB28001D1A44 /* ResultGoodView.swift in Sources */ = {isa = PBXBuildFile; fileRef = 0D8B5A6A2293CB28001D1A44 /* ResultGoodView.swift */; };
		0D8B5A6D2293CB34001D1A44 /* ResultGoodView.xib in Resources */ = {isa = PBXBuildFile; fileRef = 0D8B5A6C2293CB34001D1A44 /* ResultGoodView.xib */; };
		0D8B5A6F2293CBE1001D1A44 /* ResultNormalView.swift in Sources */ = {isa = PBXBuildFile; fileRef = 0D8B5A6E2293CBE1001D1A44 /* ResultNormalView.swift */; };
		0D8B5A712293CBEE001D1A44 /* ResultNormalView.xib in Resources */ = {isa = PBXBuildFile; fileRef = 0D8B5A702293CBEE001D1A44 /* ResultNormalView.xib */; };
		0D8B5A732293CC0E001D1A44 /* ResultBadView.swift in Sources */ = {isa = PBXBuildFile; fileRef = 0D8B5A722293CC0E001D1A44 /* ResultBadView.swift */; };
		0D8B5A752293CC18001D1A44 /* ResultBadView.xib in Resources */ = {isa = PBXBuildFile; fileRef = 0D8B5A742293CC18001D1A44 /* ResultBadView.xib */; };
		0D8B5A7A229413ED001D1A44 /* QuizRepository.swift in Sources */ = {isa = PBXBuildFile; fileRef = 0D8B5A79229413ED001D1A44 /* QuizRepository.swift */; };
		0D8B5A7C2294158D001D1A44 /* ResultPresenter.swift in Sources */ = {isa = PBXBuildFile; fileRef = 0D8B5A7B2294158D001D1A44 /* ResultPresenter.swift */; };
		0D8B5A7E22941599001D1A44 /* ResultModel.swift in Sources */ = {isa = PBXBuildFile; fileRef = 0D8B5A7D22941599001D1A44 /* ResultModel.swift */; };
		0D8B5A80229418CC001D1A44 /* ResultWireframe.swift in Sources */ = {isa = PBXBuildFile; fileRef = 0D8B5A7F229418CC001D1A44 /* ResultWireframe.swift */; };
		0D8B5A82229425F4001D1A44 /* RoundView.swift in Sources */ = {isa = PBXBuildFile; fileRef = 0D8B5A81229425F4001D1A44 /* RoundView.swift */; };
		0D8B5A852294261F001D1A44 /* RoundView.xib in Resources */ = {isa = PBXBuildFile; fileRef = 0D8B5A842294261F001D1A44 /* RoundView.xib */; };
		0D8B5A8722942698001D1A44 /* RoundImage.swift in Sources */ = {isa = PBXBuildFile; fileRef = 0D8B5A8622942698001D1A44 /* RoundImage.swift */; };
		0D8B5A89229426CE001D1A44 /* RoundImage.xib in Resources */ = {isa = PBXBuildFile; fileRef = 0D8B5A88229426CE001D1A44 /* RoundImage.xib */; };
		0DC42A60229592AA00A19088 /* Swift+Addition.swift in Sources */ = {isa = PBXBuildFile; fileRef = 0DC42A5F229592AA00A19088 /* Swift+Addition.swift */; };
		0DC42A632296F02800A19088 /* InformationViewController.swift in Sources */ = {isa = PBXBuildFile; fileRef = 0DC42A612296F02800A19088 /* InformationViewController.swift */; };
		0DC42A642296F02800A19088 /* InformationViewController.xib in Resources */ = {isa = PBXBuildFile; fileRef = 0DC42A622296F02800A19088 /* InformationViewController.xib */; };
		0DC42A682296F24400A19088 /* AppAboutViewController.swift in Sources */ = {isa = PBXBuildFile; fileRef = 0DC42A662296F24400A19088 /* AppAboutViewController.swift */; };
		0DC42A692296F24400A19088 /* AppAboutViewController.xib in Resources */ = {isa = PBXBuildFile; fileRef = 0DC42A672296F24400A19088 /* AppAboutViewController.xib */; };
		0DC42A6C2298139900A19088 /* UILabel+IB.swift in Sources */ = {isa = PBXBuildFile; fileRef = 0DC42A6B2298139900A19088 /* UILabel+IB.swift */; };
		0DC42A7022981BC500A19088 /* PictureBookViewController.swift in Sources */ = {isa = PBXBuildFile; fileRef = 0DC42A6E22981BC500A19088 /* PictureBookViewController.swift */; };
		0DC42A7122981BC500A19088 /* PictureBookViewController.xib in Resources */ = {isa = PBXBuildFile; fileRef = 0DC42A6F22981BC500A19088 /* PictureBookViewController.xib */; };
		0DC42A752298211000A19088 /* PictureBookTableViewCell.swift in Sources */ = {isa = PBXBuildFile; fileRef = 0DC42A732298211000A19088 /* PictureBookTableViewCell.swift */; };
		0DC42A762298211000A19088 /* PictureBookTableViewCell.xib in Resources */ = {isa = PBXBuildFile; fileRef = 0DC42A742298211000A19088 /* PictureBookTableViewCell.xib */; };
		0DC42A7822983DDF00A19088 /* UITableView+Addition.swift in Sources */ = {isa = PBXBuildFile; fileRef = 0DC42A7722983DDF00A19088 /* UITableView+Addition.swift */; };
		0DC42A7A22983E1200A19088 /* NSObject+Addition.swift in Sources */ = {isa = PBXBuildFile; fileRef = 0DC42A7922983E1200A19088 /* NSObject+Addition.swift */; };
		0DC42A7C22993BEC00A19088 /* SnapshotHelper.swift in Sources */ = {isa = PBXBuildFile; fileRef = 0DC42A7B22993BEC00A19088 /* SnapshotHelper.swift */; };
		6A4CE5B3BAE208D357F55077 /* Pods_WhoLegUITests.framework in Frameworks */ = {isa = PBXBuildFile; fileRef = 08C01891FF897897BC704AE8 /* Pods_WhoLegUITests.framework */; };
		8C51ED7C95F549B4008255A3 /* Pods_WhoLegTests.framework in Frameworks */ = {isa = PBXBuildFile; fileRef = AFA1F9E71A9054B50AB9B614 /* Pods_WhoLegTests.framework */; };
/* End PBXBuildFile section */

/* Begin PBXContainerItemProxy section */
		0D8B5A13228FADE6001D1A44 /* PBXContainerItemProxy */ = {
			isa = PBXContainerItemProxy;
			containerPortal = 0D8B59F6228FADE4001D1A44 /* Project object */;
			proxyType = 1;
			remoteGlobalIDString = 0D8B59FD228FADE4001D1A44;
			remoteInfo = WhoLeg;
		};
		0D8B5A1E228FADE6001D1A44 /* PBXContainerItemProxy */ = {
			isa = PBXContainerItemProxy;
			containerPortal = 0D8B59F6228FADE4001D1A44 /* Project object */;
			proxyType = 1;
			remoteGlobalIDString = 0D8B59FD228FADE4001D1A44;
			remoteInfo = WhoLeg;
		};
/* End PBXContainerItemProxy section */

/* Begin PBXFileReference section */
		08C01891FF897897BC704AE8 /* Pods_WhoLegUITests.framework */ = {isa = PBXFileReference; explicitFileType = wrapper.framework; includeInIndex = 0; path = Pods_WhoLegUITests.framework; sourceTree = BUILT_PRODUCTS_DIR; };
		0D724D6822AA785C009AACAB /* Settings.bundle */ = {isa = PBXFileReference; lastKnownFileType = "wrapper.plug-in"; name = Settings.bundle; path = WhoLeg/Settings.bundle; sourceTree = "<group>"; };
		0D8B59FE228FADE4001D1A44 /* WhoLeg.app */ = {isa = PBXFileReference; explicitFileType = wrapper.application; includeInIndex = 0; path = WhoLeg.app; sourceTree = BUILT_PRODUCTS_DIR; };
		0D8B5A01228FADE4001D1A44 /* AppDelegate.swift */ = {isa = PBXFileReference; lastKnownFileType = sourcecode.swift; path = AppDelegate.swift; sourceTree = "<group>"; };
		0D8B5A03228FADE4001D1A44 /* ViewController.swift */ = {isa = PBXFileReference; lastKnownFileType = sourcecode.swift; path = ViewController.swift; sourceTree = "<group>"; };
		0D8B5A06228FADE4001D1A44 /* Base */ = {isa = PBXFileReference; lastKnownFileType = file.storyboard; name = Base; path = Base.lproj/Main.storyboard; sourceTree = "<group>"; };
		0D8B5A08228FADE6001D1A44 /* Assets.xcassets */ = {isa = PBXFileReference; lastKnownFileType = folder.assetcatalog; path = Assets.xcassets; sourceTree = "<group>"; };
		0D8B5A0B228FADE6001D1A44 /* Base */ = {isa = PBXFileReference; lastKnownFileType = file.storyboard; name = Base; path = Base.lproj/LaunchScreen.storyboard; sourceTree = "<group>"; };
		0D8B5A0D228FADE6001D1A44 /* Info.plist */ = {isa = PBXFileReference; lastKnownFileType = text.plist.xml; path = Info.plist; sourceTree = "<group>"; };
		0D8B5A12228FADE6001D1A44 /* WhoLegTests.xctest */ = {isa = PBXFileReference; explicitFileType = wrapper.cfbundle; includeInIndex = 0; path = WhoLegTests.xctest; sourceTree = BUILT_PRODUCTS_DIR; };
		0D8B5A16228FADE6001D1A44 /* WhoLegTests.swift */ = {isa = PBXFileReference; lastKnownFileType = sourcecode.swift; path = WhoLegTests.swift; sourceTree = "<group>"; };
		0D8B5A18228FADE6001D1A44 /* Info.plist */ = {isa = PBXFileReference; lastKnownFileType = text.plist.xml; path = Info.plist; sourceTree = "<group>"; };
		0D8B5A1D228FADE6001D1A44 /* WhoLegUITests.xctest */ = {isa = PBXFileReference; explicitFileType = wrapper.cfbundle; includeInIndex = 0; path = WhoLegUITests.xctest; sourceTree = BUILT_PRODUCTS_DIR; };
		0D8B5A21228FADE6001D1A44 /* WhoLegUITests.swift */ = {isa = PBXFileReference; lastKnownFileType = sourcecode.swift; path = WhoLegUITests.swift; sourceTree = "<group>"; };
		0D8B5A23228FADE6001D1A44 /* Info.plist */ = {isa = PBXFileReference; lastKnownFileType = text.plist.xml; path = Info.plist; sourceTree = "<group>"; };
		0D8B5A2F228FD07F001D1A44 /* TitleViewController.swift */ = {isa = PBXFileReference; lastKnownFileType = sourcecode.swift; path = TitleViewController.swift; sourceTree = "<group>"; };
		0D8B5A30228FD07F001D1A44 /* TitleViewController.xib */ = {isa = PBXFileReference; lastKnownFileType = file.xib; path = TitleViewController.xib; sourceTree = "<group>"; };
		0D8B5A34228FD1BA001D1A44 /* UIColor+Addition.swift */ = {isa = PBXFileReference; lastKnownFileType = sourcecode.swift; path = "UIColor+Addition.swift"; sourceTree = "<group>"; };
		0D8B5A3D228FD2FD001D1A44 /* ResultViewController.swift */ = {isa = PBXFileReference; lastKnownFileType = sourcecode.swift; path = ResultViewController.swift; sourceTree = "<group>"; };
		0D8B5A45228FE01F001D1A44 /* Resource */ = {isa = PBXFileReference; lastKnownFileType = folder; path = Resource; sourceTree = "<group>"; };
		0D8B5A48228FE0EA001D1A44 /* QuizInfo.swift */ = {isa = PBXFileReference; lastKnownFileType = sourcecode.swift; path = QuizInfo.swift; sourceTree = "<group>"; };
		0D8B5A4C228FF0D1001D1A44 /* TitleModel.swift */ = {isa = PBXFileReference; lastKnownFileType = sourcecode.swift; path = TitleModel.swift; sourceTree = "<group>"; };
		0D8B5A5022914FC8001D1A44 /* QuizViewController.swift */ = {isa = PBXFileReference; lastKnownFileType = sourcecode.swift; path = QuizViewController.swift; sourceTree = "<group>"; };
		0D8B5A5122914FC8001D1A44 /* QuizViewController.xib */ = {isa = PBXFileReference; lastKnownFileType = file.xib; path = QuizViewController.xib; sourceTree = "<group>"; };
		0D8B5A56229150B3001D1A44 /* QuizOptionButton.swift */ = {isa = PBXFileReference; lastKnownFileType = sourcecode.swift; path = QuizOptionButton.swift; sourceTree = "<group>"; };
		0D8B5A58229150BD001D1A44 /* QuizOptionButton.xib */ = {isa = PBXFileReference; lastKnownFileType = file.xib; path = QuizOptionButton.xib; sourceTree = "<group>"; };
		0D8B5A6222919509001D1A44 /* QuizPresenter.swift */ = {isa = PBXFileReference; lastKnownFileType = sourcecode.swift; path = QuizPresenter.swift; sourceTree = "<group>"; };
		0D8B5A6422919513001D1A44 /* QuizModel.swift */ = {isa = PBXFileReference; lastKnownFileType = sourcecode.swift; path = QuizModel.swift; sourceTree = "<group>"; };
		0D8B5A662292ECA4001D1A44 /* QuizWireframe.swift */ = {isa = PBXFileReference; lastKnownFileType = sourcecode.swift; path = QuizWireframe.swift; sourceTree = "<group>"; };
		0D8B5A682292F2BD001D1A44 /* TitlePresenter.swift */ = {isa = PBXFileReference; lastKnownFileType = sourcecode.swift; path = TitlePresenter.swift; sourceTree = "<group>"; };
		0D8B5A6A2293CB28001D1A44 /* ResultGoodView.swift */ = {isa = PBXFileReference; lastKnownFileType = sourcecode.swift; path = ResultGoodView.swift; sourceTree = "<group>"; };
		0D8B5A6C2293CB34001D1A44 /* ResultGoodView.xib */ = {isa = PBXFileReference; lastKnownFileType = file.xib; path = ResultGoodView.xib; sourceTree = "<group>"; };
		0D8B5A6E2293CBE1001D1A44 /* ResultNormalView.swift */ = {isa = PBXFileReference; lastKnownFileType = sourcecode.swift; path = ResultNormalView.swift; sourceTree = "<group>"; };
		0D8B5A702293CBEE001D1A44 /* ResultNormalView.xib */ = {isa = PBXFileReference; lastKnownFileType = file.xib; path = ResultNormalView.xib; sourceTree = "<group>"; };
		0D8B5A722293CC0E001D1A44 /* ResultBadView.swift */ = {isa = PBXFileReference; lastKnownFileType = sourcecode.swift; path = ResultBadView.swift; sourceTree = "<group>"; };
		0D8B5A742293CC18001D1A44 /* ResultBadView.xib */ = {isa = PBXFileReference; lastKnownFileType = file.xib; path = ResultBadView.xib; sourceTree = "<group>"; };
		0D8B5A79229413ED001D1A44 /* QuizRepository.swift */ = {isa = PBXFileReference; lastKnownFileType = sourcecode.swift; path = QuizRepository.swift; sourceTree = "<group>"; };
		0D8B5A7B2294158D001D1A44 /* ResultPresenter.swift */ = {isa = PBXFileReference; lastKnownFileType = sourcecode.swift; path = ResultPresenter.swift; sourceTree = "<group>"; };
		0D8B5A7D22941599001D1A44 /* ResultModel.swift */ = {isa = PBXFileReference; lastKnownFileType = sourcecode.swift; path = ResultModel.swift; sourceTree = "<group>"; };
		0D8B5A7F229418CC001D1A44 /* ResultWireframe.swift */ = {isa = PBXFileReference; lastKnownFileType = sourcecode.swift; path = ResultWireframe.swift; sourceTree = "<group>"; };
		0D8B5A81229425F4001D1A44 /* RoundView.swift */ = {isa = PBXFileReference; lastKnownFileType = sourcecode.swift; path = RoundView.swift; sourceTree = "<group>"; };
		0D8B5A842294261F001D1A44 /* RoundView.xib */ = {isa = PBXFileReference; lastKnownFileType = file.xib; path = RoundView.xib; sourceTree = "<group>"; };
		0D8B5A8622942698001D1A44 /* RoundImage.swift */ = {isa = PBXFileReference; lastKnownFileType = sourcecode.swift; path = RoundImage.swift; sourceTree = "<group>"; };
		0D8B5A88229426CE001D1A44 /* RoundImage.xib */ = {isa = PBXFileReference; lastKnownFileType = file.xib; path = RoundImage.xib; sourceTree = "<group>"; };
		0DC42A5F229592AA00A19088 /* Swift+Addition.swift */ = {isa = PBXFileReference; lastKnownFileType = sourcecode.swift; path = "Swift+Addition.swift"; sourceTree = "<group>"; };
		0DC42A612296F02800A19088 /* InformationViewController.swift */ = {isa = PBXFileReference; lastKnownFileType = sourcecode.swift; path = InformationViewController.swift; sourceTree = "<group>"; };
		0DC42A622296F02800A19088 /* InformationViewController.xib */ = {isa = PBXFileReference; lastKnownFileType = file.xib; path = InformationViewController.xib; sourceTree = "<group>"; };
		0DC42A662296F24400A19088 /* AppAboutViewController.swift */ = {isa = PBXFileReference; lastKnownFileType = sourcecode.swift; path = AppAboutViewController.swift; sourceTree = "<group>"; };
		0DC42A672296F24400A19088 /* AppAboutViewController.xib */ = {isa = PBXFileReference; lastKnownFileType = file.xib; path = AppAboutViewController.xib; sourceTree = "<group>"; };
		0DC42A6B2298139900A19088 /* UILabel+IB.swift */ = {isa = PBXFileReference; lastKnownFileType = sourcecode.swift; path = "UILabel+IB.swift"; sourceTree = "<group>"; };
		0DC42A6E22981BC500A19088 /* PictureBookViewController.swift */ = {isa = PBXFileReference; lastKnownFileType = sourcecode.swift; path = PictureBookViewController.swift; sourceTree = "<group>"; };
		0DC42A6F22981BC500A19088 /* PictureBookViewController.xib */ = {isa = PBXFileReference; lastKnownFileType = file.xib; path = PictureBookViewController.xib; sourceTree = "<group>"; };
		0DC42A732298211000A19088 /* PictureBookTableViewCell.swift */ = {isa = PBXFileReference; lastKnownFileType = sourcecode.swift; path = PictureBookTableViewCell.swift; sourceTree = "<group>"; };
		0DC42A742298211000A19088 /* PictureBookTableViewCell.xib */ = {isa = PBXFileReference; lastKnownFileType = file.xib; path = PictureBookTableViewCell.xib; sourceTree = "<group>"; };
		0DC42A7722983DDF00A19088 /* UITableView+Addition.swift */ = {isa = PBXFileReference; lastKnownFileType = sourcecode.swift; path = "UITableView+Addition.swift"; sourceTree = "<group>"; };
		0DC42A7922983E1200A19088 /* NSObject+Addition.swift */ = {isa = PBXFileReference; lastKnownFileType = sourcecode.swift; path = "NSObject+Addition.swift"; sourceTree = "<group>"; };
		0DC42A7B22993BEC00A19088 /* SnapshotHelper.swift */ = {isa = PBXFileReference; fileEncoding = 4; lastKnownFileType = sourcecode.swift; name = SnapshotHelper.swift; path = fastlane/SnapshotHelper.swift; sourceTree = SOURCE_ROOT; };
		2263196256B0880C1D3CAF99 /* Pods-WhoLegUITests.release.xcconfig */ = {isa = PBXFileReference; includeInIndex = 1; lastKnownFileType = text.xcconfig; name = "Pods-WhoLegUITests.release.xcconfig"; path = "Target Support Files/Pods-WhoLegUITests/Pods-WhoLegUITests.release.xcconfig"; sourceTree = "<group>"; };
		2FDD7114EE921E8B61A4A977 /* Pods_WhoLeg.framework */ = {isa = PBXFileReference; explicitFileType = wrapper.framework; includeInIndex = 0; path = Pods_WhoLeg.framework; sourceTree = BUILT_PRODUCTS_DIR; };
		4CD0F9030F08E995E0B410A4 /* Pods-WhoLegTests.release.xcconfig */ = {isa = PBXFileReference; includeInIndex = 1; lastKnownFileType = text.xcconfig; name = "Pods-WhoLegTests.release.xcconfig"; path = "Target Support Files/Pods-WhoLegTests/Pods-WhoLegTests.release.xcconfig"; sourceTree = "<group>"; };
		584C3FD79D6FF4C95DCAFF12 /* Pods-WhoLeg.release.xcconfig */ = {isa = PBXFileReference; includeInIndex = 1; lastKnownFileType = text.xcconfig; name = "Pods-WhoLeg.release.xcconfig"; path = "Target Support Files/Pods-WhoLeg/Pods-WhoLeg.release.xcconfig"; sourceTree = "<group>"; };
		5AC864F7FAFAABB85CEEB6CA /* Pods-WhoLeg.debug.xcconfig */ = {isa = PBXFileReference; includeInIndex = 1; lastKnownFileType = text.xcconfig; name = "Pods-WhoLeg.debug.xcconfig"; path = "Target Support Files/Pods-WhoLeg/Pods-WhoLeg.debug.xcconfig"; sourceTree = "<group>"; };
		8581950AC1E9AF5F52676B2B /* Pods-WhoLegUITests.debug.xcconfig */ = {isa = PBXFileReference; includeInIndex = 1; lastKnownFileType = text.xcconfig; name = "Pods-WhoLegUITests.debug.xcconfig"; path = "Target Support Files/Pods-WhoLegUITests/Pods-WhoLegUITests.debug.xcconfig"; sourceTree = "<group>"; };
		AFA1F9E71A9054B50AB9B614 /* Pods_WhoLegTests.framework */ = {isa = PBXFileReference; explicitFileType = wrapper.framework; includeInIndex = 0; path = Pods_WhoLegTests.framework; sourceTree = BUILT_PRODUCTS_DIR; };
		C22053ADB83E54E6A4B90650 /* Pods-WhoLegTests.debug.xcconfig */ = {isa = PBXFileReference; includeInIndex = 1; lastKnownFileType = text.xcconfig; name = "Pods-WhoLegTests.debug.xcconfig"; path = "Target Support Files/Pods-WhoLegTests/Pods-WhoLegTests.debug.xcconfig"; sourceTree = "<group>"; };
/* End PBXFileReference section */

/* Begin PBXFrameworksBuildPhase section */
		0D8B59FB228FADE4001D1A44 /* Frameworks */ = {
			isa = PBXFrameworksBuildPhase;
			buildActionMask = 2147483647;
			files = (
				04E7DAD3B997D3C528517C82 /* Pods_WhoLeg.framework in Frameworks */,
			);
			runOnlyForDeploymentPostprocessing = 0;
		};
		0D8B5A0F228FADE6001D1A44 /* Frameworks */ = {
			isa = PBXFrameworksBuildPhase;
			buildActionMask = 2147483647;
			files = (
				8C51ED7C95F549B4008255A3 /* Pods_WhoLegTests.framework in Frameworks */,
			);
			runOnlyForDeploymentPostprocessing = 0;
		};
		0D8B5A1A228FADE6001D1A44 /* Frameworks */ = {
			isa = PBXFrameworksBuildPhase;
			buildActionMask = 2147483647;
			files = (
				6A4CE5B3BAE208D357F55077 /* Pods_WhoLegUITests.framework in Frameworks */,
			);
			runOnlyForDeploymentPostprocessing = 0;
		};
/* End PBXFrameworksBuildPhase section */

/* Begin PBXGroup section */
		0D8B59F5228FADE4001D1A44 = {
			isa = PBXGroup;
			children = (
				0D724D6822AA785C009AACAB /* Settings.bundle */,
				0D8B5A00228FADE4001D1A44 /* WhoLeg */,
				0D8B5A15228FADE6001D1A44 /* WhoLegTests */,
				0D8B5A20228FADE6001D1A44 /* WhoLegUITests */,
				0D8B59FF228FADE4001D1A44 /* Products */,
				10D654F45D02E7AC14282D8D /* Pods */,
				155D78E283DC7E2A83C7878E /* Frameworks */,
			);
			sourceTree = "<group>";
		};
		0D8B59FF228FADE4001D1A44 /* Products */ = {
			isa = PBXGroup;
			children = (
				0D8B59FE228FADE4001D1A44 /* WhoLeg.app */,
				0D8B5A12228FADE6001D1A44 /* WhoLegTests.xctest */,
				0D8B5A1D228FADE6001D1A44 /* WhoLegUITests.xctest */,
			);
			name = Products;
			sourceTree = "<group>";
		};
		0D8B5A00228FADE4001D1A44 /* WhoLeg */ = {
			isa = PBXGroup;
			children = (
				0D8B5A45228FE01F001D1A44 /* Resource */,
				0D8B5A33228FD1AB001D1A44 /* Extension */,
				0D8B5A01228FADE4001D1A44 /* AppDelegate.swift */,
				0D8B5A78229413BA001D1A44 /* Infra */,
				0D8B5A47228FE0DB001D1A44 /* Domain */,
				0D8B5A5522915071001D1A44 /* Presenter */,
				0D8B5A03228FADE4001D1A44 /* ViewController.swift */,
				0D8B5A05228FADE4001D1A44 /* Main.storyboard */,
				0D8B5A08228FADE6001D1A44 /* Assets.xcassets */,
				0D8B5A0A228FADE6001D1A44 /* LaunchScreen.storyboard */,
				0D8B5A0D228FADE6001D1A44 /* Info.plist */,
			);
			path = WhoLeg;
			sourceTree = "<group>";
		};
		0D8B5A15228FADE6001D1A44 /* WhoLegTests */ = {
			isa = PBXGroup;
			children = (
				0D8B5A16228FADE6001D1A44 /* WhoLegTests.swift */,
				0D8B5A18228FADE6001D1A44 /* Info.plist */,
			);
			path = WhoLegTests;
			sourceTree = "<group>";
		};
		0D8B5A20228FADE6001D1A44 /* WhoLegUITests */ = {
			isa = PBXGroup;
			children = (
				0DC42A7B22993BEC00A19088 /* SnapshotHelper.swift */,
				0D8B5A21228FADE6001D1A44 /* WhoLegUITests.swift */,
				0D8B5A23228FADE6001D1A44 /* Info.plist */,
			);
			path = WhoLegUITests;
			sourceTree = "<group>";
		};
		0D8B5A33228FD1AB001D1A44 /* Extension */ = {
			isa = PBXGroup;
			children = (
				0D8B5A34228FD1BA001D1A44 /* UIColor+Addition.swift */,
				0DC42A5F229592AA00A19088 /* Swift+Addition.swift */,
				0DC42A6B2298139900A19088 /* UILabel+IB.swift */,
				0DC42A7722983DDF00A19088 /* UITableView+Addition.swift */,
				0DC42A7922983E1200A19088 /* NSObject+Addition.swift */,
			);
			path = Extension;
			sourceTree = "<group>";
		};
		0D8B5A36228FD235001D1A44 /* Title */ = {
			isa = PBXGroup;
			children = (
				0D8B5A2F228FD07F001D1A44 /* TitleViewController.swift */,
				0D8B5A682292F2BD001D1A44 /* TitlePresenter.swift */,
				0D8B5A4C228FF0D1001D1A44 /* TitleModel.swift */,
				0D8B5A30228FD07F001D1A44 /* TitleViewController.xib */,
			);
			path = Title;
			sourceTree = "<group>";
		};
		0D8B5A37228FD242001D1A44 /* Quiz */ = {
			isa = PBXGroup;
			children = (
				0D8B5A5022914FC8001D1A44 /* QuizViewController.swift */,
				0D8B5A6222919509001D1A44 /* QuizPresenter.swift */,
				0D8B5A6422919513001D1A44 /* QuizModel.swift */,
				0D8B5A662292ECA4001D1A44 /* QuizWireframe.swift */,
				0D8B5A5122914FC8001D1A44 /* QuizViewController.xib */,
			);
			path = Quiz;
			sourceTree = "<group>";
		};
		0D8B5A38228FD24C001D1A44 /* Result */ = {
			isa = PBXGroup;
			children = (
				0D8B5A3D228FD2FD001D1A44 /* ResultViewController.swift */,
				0D8B5A7B2294158D001D1A44 /* ResultPresenter.swift */,
				0D8B5A7F229418CC001D1A44 /* ResultWireframe.swift */,
				0D8B5A7D22941599001D1A44 /* ResultModel.swift */,
			);
			path = Result;
			sourceTree = "<group>";
		};
		0D8B5A47228FE0DB001D1A44 /* Domain */ = {
			isa = PBXGroup;
			children = (
				0D8B5A48228FE0EA001D1A44 /* QuizInfo.swift */,
			);
			path = Domain;
			sourceTree = "<group>";
		};
		0D8B5A5422915055001D1A44 /* CustomView */ = {
			isa = PBXGroup;
			children = (
				0D8B5A56229150B3001D1A44 /* QuizOptionButton.swift */,
				0D8B5A58229150BD001D1A44 /* QuizOptionButton.xib */,
				0D8B5A81229425F4001D1A44 /* RoundView.swift */,
				0D8B5A842294261F001D1A44 /* RoundView.xib */,
				0D8B5A8622942698001D1A44 /* RoundImage.swift */,
				0D8B5A88229426CE001D1A44 /* RoundImage.xib */,
				0D8B5A8322942605001D1A44 /* Result */,
			);
			path = CustomView;
			sourceTree = "<group>";
		};
		0D8B5A5522915071001D1A44 /* Presenter */ = {
			isa = PBXGroup;
			children = (
				0D8B5A5422915055001D1A44 /* CustomView */,
				0D8B5A36228FD235001D1A44 /* Title */,
				0DC42A652296F03900A19088 /* Information */,
				0DC42A6D22981BA700A19088 /* PictureBook */,
				0DC42A6A2296F24F00A19088 /* AppAbout */,
				0D8B5A37228FD242001D1A44 /* Quiz */,
				0D8B5A38228FD24C001D1A44 /* Result */,
			);
			path = Presenter;
			sourceTree = "<group>";
		};
		0D8B5A78229413BA001D1A44 /* Infra */ = {
			isa = PBXGroup;
			children = (
				0D8B5A79229413ED001D1A44 /* QuizRepository.swift */,
			);
			path = Infra;
			sourceTree = "<group>";
		};
		0D8B5A8322942605001D1A44 /* Result */ = {
			isa = PBXGroup;
			children = (
				0D8B5A6A2293CB28001D1A44 /* ResultGoodView.swift */,
				0D8B5A6C2293CB34001D1A44 /* ResultGoodView.xib */,
				0D8B5A6E2293CBE1001D1A44 /* ResultNormalView.swift */,
				0D8B5A702293CBEE001D1A44 /* ResultNormalView.xib */,
				0D8B5A722293CC0E001D1A44 /* ResultBadView.swift */,
				0D8B5A742293CC18001D1A44 /* ResultBadView.xib */,
			);
			path = Result;
			sourceTree = "<group>";
		};
		0DC42A652296F03900A19088 /* Information */ = {
			isa = PBXGroup;
			children = (
				0DC42A612296F02800A19088 /* InformationViewController.swift */,
				0DC42A622296F02800A19088 /* InformationViewController.xib */,
			);
			path = Information;
			sourceTree = "<group>";
		};
		0DC42A6A2296F24F00A19088 /* AppAbout */ = {
			isa = PBXGroup;
			children = (
				0DC42A662296F24400A19088 /* AppAboutViewController.swift */,
				0DC42A672296F24400A19088 /* AppAboutViewController.xib */,
			);
			path = AppAbout;
			sourceTree = "<group>";
		};
		0DC42A6D22981BA700A19088 /* PictureBook */ = {
			isa = PBXGroup;
			children = (
				0DC42A6E22981BC500A19088 /* PictureBookViewController.swift */,
				0DC42A6F22981BC500A19088 /* PictureBookViewController.xib */,
				0DC42A72229820F200A19088 /* cell */,
			);
			path = PictureBook;
			sourceTree = "<group>";
		};
		0DC42A72229820F200A19088 /* cell */ = {
			isa = PBXGroup;
			children = (
				0DC42A732298211000A19088 /* PictureBookTableViewCell.swift */,
				0DC42A742298211000A19088 /* PictureBookTableViewCell.xib */,
			);
			path = cell;
			sourceTree = "<group>";
		};
		10D654F45D02E7AC14282D8D /* Pods */ = {
			isa = PBXGroup;
			children = (
				5AC864F7FAFAABB85CEEB6CA /* Pods-WhoLeg.debug.xcconfig */,
				584C3FD79D6FF4C95DCAFF12 /* Pods-WhoLeg.release.xcconfig */,
				C22053ADB83E54E6A4B90650 /* Pods-WhoLegTests.debug.xcconfig */,
				4CD0F9030F08E995E0B410A4 /* Pods-WhoLegTests.release.xcconfig */,
				8581950AC1E9AF5F52676B2B /* Pods-WhoLegUITests.debug.xcconfig */,
				2263196256B0880C1D3CAF99 /* Pods-WhoLegUITests.release.xcconfig */,
			);
			path = Pods;
			sourceTree = "<group>";
		};
		155D78E283DC7E2A83C7878E /* Frameworks */ = {
			isa = PBXGroup;
			children = (
				2FDD7114EE921E8B61A4A977 /* Pods_WhoLeg.framework */,
				AFA1F9E71A9054B50AB9B614 /* Pods_WhoLegTests.framework */,
				08C01891FF897897BC704AE8 /* Pods_WhoLegUITests.framework */,
			);
			name = Frameworks;
			sourceTree = "<group>";
		};
/* End PBXGroup section */

/* Begin PBXNativeTarget section */
		0D8B59FD228FADE4001D1A44 /* WhoLeg */ = {
			isa = PBXNativeTarget;
			buildConfigurationList = 0D8B5A26228FADE6001D1A44 /* Build configuration list for PBXNativeTarget "WhoLeg" */;
			buildPhases = (
				C8E7797EFEE8E0B7D7E2D4B8 /* [CP] Check Pods Manifest.lock */,
				0D8B59FA228FADE4001D1A44 /* Sources */,
				0D8B59FB228FADE4001D1A44 /* Frameworks */,
				0D8B59FC228FADE4001D1A44 /* Resources */,
				0DC8EED822A2A40E008785F4 /* Swiftformat */,
				0D5C54B622A2A56600654631 /* SwiftLint */,
				0D31083722A9642000DDE2A7 /* LicensePlist */,
			);
			buildRules = (
			);
			dependencies = (
			);
			name = WhoLeg;
			productName = WhoLeg;
			productReference = 0D8B59FE228FADE4001D1A44 /* WhoLeg.app */;
			productType = "com.apple.product-type.application";
		};
		0D8B5A11228FADE6001D1A44 /* WhoLegTests */ = {
			isa = PBXNativeTarget;
			buildConfigurationList = 0D8B5A29228FADE6001D1A44 /* Build configuration list for PBXNativeTarget "WhoLegTests" */;
			buildPhases = (
				A8DAB968FF9DDC7B4A4719AA /* [CP] Check Pods Manifest.lock */,
				0D8B5A0E228FADE6001D1A44 /* Sources */,
				0D8B5A0F228FADE6001D1A44 /* Frameworks */,
				0D8B5A10228FADE6001D1A44 /* Resources */,
			);
			buildRules = (
			);
			dependencies = (
				0D8B5A14228FADE6001D1A44 /* PBXTargetDependency */,
			);
			name = WhoLegTests;
			productName = WhoLegTests;
			productReference = 0D8B5A12228FADE6001D1A44 /* WhoLegTests.xctest */;
			productType = "com.apple.product-type.bundle.unit-test";
		};
		0D8B5A1C228FADE6001D1A44 /* WhoLegUITests */ = {
			isa = PBXNativeTarget;
			buildConfigurationList = 0D8B5A2C228FADE6001D1A44 /* Build configuration list for PBXNativeTarget "WhoLegUITests" */;
			buildPhases = (
				85485B68C7045B8E4A54D04F /* [CP] Check Pods Manifest.lock */,
				0D8B5A19228FADE6001D1A44 /* Sources */,
				0D8B5A1A228FADE6001D1A44 /* Frameworks */,
				0D8B5A1B228FADE6001D1A44 /* Resources */,
			);
			buildRules = (
			);
			dependencies = (
				0D8B5A1F228FADE6001D1A44 /* PBXTargetDependency */,
			);
			name = WhoLegUITests;
			productName = WhoLegUITests;
			productReference = 0D8B5A1D228FADE6001D1A44 /* WhoLegUITests.xctest */;
			productType = "com.apple.product-type.bundle.ui-testing";
		};
/* End PBXNativeTarget section */

/* Begin PBXProject section */
		0D8B59F6228FADE4001D1A44 /* Project object */ = {
			isa = PBXProject;
			attributes = {
				LastSwiftUpdateCheck = 1020;
				LastUpgradeCheck = 1020;
				ORGANIZATIONNAME = "佐川晴海";
				TargetAttributes = {
					0D8B59FD228FADE4001D1A44 = {
						CreatedOnToolsVersion = 10.2;
					};
					0D8B5A11228FADE6001D1A44 = {
						CreatedOnToolsVersion = 10.2;
						TestTargetID = 0D8B59FD228FADE4001D1A44;
					};
					0D8B5A1C228FADE6001D1A44 = {
						CreatedOnToolsVersion = 10.2;
						TestTargetID = 0D8B59FD228FADE4001D1A44;
					};
				};
			};
			buildConfigurationList = 0D8B59F9228FADE4001D1A44 /* Build configuration list for PBXProject "WhoLeg" */;
			compatibilityVersion = "Xcode 9.3";
			developmentRegion = en;
			hasScannedForEncodings = 0;
			knownRegions = (
				en,
				Base,
			);
			mainGroup = 0D8B59F5228FADE4001D1A44;
			productRefGroup = 0D8B59FF228FADE4001D1A44 /* Products */;
			projectDirPath = "";
			projectRoot = "";
			targets = (
				0D8B59FD228FADE4001D1A44 /* WhoLeg */,
				0D8B5A11228FADE6001D1A44 /* WhoLegTests */,
				0D8B5A1C228FADE6001D1A44 /* WhoLegUITests */,
			);
		};
/* End PBXProject section */

/* Begin PBXResourcesBuildPhase section */
		0D8B59FC228FADE4001D1A44 /* Resources */ = {
			isa = PBXResourcesBuildPhase;
			buildActionMask = 2147483647;
			files = (
				0D724D6922AA785D009AACAB /* Settings.bundle in Resources */,
				0D8B5A0C228FADE6001D1A44 /* LaunchScreen.storyboard in Resources */,
				0D8B5A712293CBEE001D1A44 /* ResultNormalView.xib in Resources */,
				0D8B5A46228FE01F001D1A44 /* Resource in Resources */,
				0DC42A642296F02800A19088 /* InformationViewController.xib in Resources */,
				0D8B5A752293CC18001D1A44 /* ResultBadView.xib in Resources */,
				0D8B5A6D2293CB34001D1A44 /* ResultGoodView.xib in Resources */,
				0DC42A692296F24400A19088 /* AppAboutViewController.xib in Resources */,
				0DC42A762298211000A19088 /* PictureBookTableViewCell.xib in Resources */,
				0D8B5A59229150BD001D1A44 /* QuizOptionButton.xib in Resources */,
				0D8B5A32228FD07F001D1A44 /* TitleViewController.xib in Resources */,
				0D8B5A5322914FC8001D1A44 /* QuizViewController.xib in Resources */,
				0D8B5A852294261F001D1A44 /* RoundView.xib in Resources */,
				0D8B5A09228FADE6001D1A44 /* Assets.xcassets in Resources */,
				0D8B5A89229426CE001D1A44 /* RoundImage.xib in Resources */,
				0DC42A7122981BC500A19088 /* PictureBookViewController.xib in Resources */,
				0D8B5A07228FADE4001D1A44 /* Main.storyboard in Resources */,
			);
			runOnlyForDeploymentPostprocessing = 0;
		};
		0D8B5A10228FADE6001D1A44 /* Resources */ = {
			isa = PBXResourcesBuildPhase;
			buildActionMask = 2147483647;
			files = (
			);
			runOnlyForDeploymentPostprocessing = 0;
		};
		0D8B5A1B228FADE6001D1A44 /* Resources */ = {
			isa = PBXResourcesBuildPhase;
			buildActionMask = 2147483647;
			files = (
			);
			runOnlyForDeploymentPostprocessing = 0;
		};
/* End PBXResourcesBuildPhase section */

/* Begin PBXShellScriptBuildPhase section */
		0D31083722A9642000DDE2A7 /* LicensePlist */ = {
			isa = PBXShellScriptBuildPhase;
			buildActionMask = 2147483647;
			files = (
			);
			inputFileListPaths = (
			);
			inputPaths = (
			);
			name = LicensePlist;
			outputFileListPaths = (
			);
			outputPaths = (
			);
			runOnlyForDeploymentPostprocessing = 0;
			shellPath = /bin/sh;
			shellScript = "if [ $CONFIGURATION = \"Debug\" ]; then\n${PODS_ROOT}/LicensePlist/license-plist --output-path $PRODUCT_NAME/Settings.bundle --github-token YOUR_GITHUB_TOKEN\nfi\n";
		};
		0D5C54B622A2A56600654631 /* SwiftLint */ = {
			isa = PBXShellScriptBuildPhase;
			buildActionMask = 2147483647;
			files = (
			);
			inputFileListPaths = (
			);
			inputPaths = (
			);
			name = SwiftLint;
			outputFileListPaths = (
			);
			outputPaths = (
			);
			runOnlyForDeploymentPostprocessing = 0;
			shellPath = /bin/sh;
			shellScript = "if which \"${PODS_ROOT}/SwiftLint/swiftlint\" >/dev/null; then\n${PODS_ROOT}/SwiftLint/swiftlint\nelse\necho \"warning: SwiftLint not installed, download from https://github.com/realm/SwiftLint\"\nfi\n";
		};
		0DC8EED822A2A40E008785F4 /* Swiftformat */ = {
			isa = PBXShellScriptBuildPhase;
			buildActionMask = 2147483647;
			files = (
			);
			inputFileListPaths = (
			);
			inputPaths = (
			);
			name = Swiftformat;
			outputFileListPaths = (
			);
			outputPaths = (
			);
			runOnlyForDeploymentPostprocessing = 0;
			shellPath = /bin/sh;
			shellScript = "# Type a script or drag a script file from your workspace to insert its path.\n\"${PODS_ROOT}/SwiftFormat/CommandLineTool/swiftformat\" . --exclude Carthage,Pods --stripunusedargs closure-only --disable strongOutlets,trailingCommas\n\n\n";
		};
		85485B68C7045B8E4A54D04F /* [CP] Check Pods Manifest.lock */ = {
			isa = PBXShellScriptBuildPhase;
			buildActionMask = 2147483647;
			files = (
			);
			inputFileListPaths = (
			);
			inputPaths = (
				"${PODS_PODFILE_DIR_PATH}/Podfile.lock",
				"${PODS_ROOT}/Manifest.lock",
			);
			name = "[CP] Check Pods Manifest.lock";
			outputFileListPaths = (
			);
			outputPaths = (
				"$(DERIVED_FILE_DIR)/Pods-WhoLegUITests-checkManifestLockResult.txt",
			);
			runOnlyForDeploymentPostprocessing = 0;
			shellPath = /bin/sh;
			shellScript = "diff \"${PODS_PODFILE_DIR_PATH}/Podfile.lock\" \"${PODS_ROOT}/Manifest.lock\" > /dev/null\nif [ $? != 0 ] ; then\n    # print error to STDERR\n    echo \"error: The sandbox is not in sync with the Podfile.lock. Run 'pod install' or update your CocoaPods installation.\" >&2\n    exit 1\nfi\n# This output is used by Xcode 'outputs' to avoid re-running this script phase.\necho \"SUCCESS\" > \"${SCRIPT_OUTPUT_FILE_0}\"\n";
			showEnvVarsInLog = 0;
		};
		A8DAB968FF9DDC7B4A4719AA /* [CP] Check Pods Manifest.lock */ = {
			isa = PBXShellScriptBuildPhase;
			buildActionMask = 2147483647;
			files = (
			);
			inputFileListPaths = (
			);
			inputPaths = (
				"${PODS_PODFILE_DIR_PATH}/Podfile.lock",
				"${PODS_ROOT}/Manifest.lock",
			);
			name = "[CP] Check Pods Manifest.lock";
			outputFileListPaths = (
			);
			outputPaths = (
				"$(DERIVED_FILE_DIR)/Pods-WhoLegTests-checkManifestLockResult.txt",
			);
			runOnlyForDeploymentPostprocessing = 0;
			shellPath = /bin/sh;
			shellScript = "diff \"${PODS_PODFILE_DIR_PATH}/Podfile.lock\" \"${PODS_ROOT}/Manifest.lock\" > /dev/null\nif [ $? != 0 ] ; then\n    # print error to STDERR\n    echo \"error: The sandbox is not in sync with the Podfile.lock. Run 'pod install' or update your CocoaPods installation.\" >&2\n    exit 1\nfi\n# This output is used by Xcode 'outputs' to avoid re-running this script phase.\necho \"SUCCESS\" > \"${SCRIPT_OUTPUT_FILE_0}\"\n";
			showEnvVarsInLog = 0;
		};
		C8E7797EFEE8E0B7D7E2D4B8 /* [CP] Check Pods Manifest.lock */ = {
			isa = PBXShellScriptBuildPhase;
			buildActionMask = 2147483647;
			files = (
			);
			inputFileListPaths = (
			);
			inputPaths = (
				"${PODS_PODFILE_DIR_PATH}/Podfile.lock",
				"${PODS_ROOT}/Manifest.lock",
			);
			name = "[CP] Check Pods Manifest.lock";
			outputFileListPaths = (
			);
			outputPaths = (
				"$(DERIVED_FILE_DIR)/Pods-WhoLeg-checkManifestLockResult.txt",
			);
			runOnlyForDeploymentPostprocessing = 0;
			shellPath = /bin/sh;
			shellScript = "diff \"${PODS_PODFILE_DIR_PATH}/Podfile.lock\" \"${PODS_ROOT}/Manifest.lock\" > /dev/null\nif [ $? != 0 ] ; then\n    # print error to STDERR\n    echo \"error: The sandbox is not in sync with the Podfile.lock. Run 'pod install' or update your CocoaPods installation.\" >&2\n    exit 1\nfi\n# This output is used by Xcode 'outputs' to avoid re-running this script phase.\necho \"SUCCESS\" > \"${SCRIPT_OUTPUT_FILE_0}\"\n";
			showEnvVarsInLog = 0;
		};
/* End PBXShellScriptBuildPhase section */

/* Begin PBXSourcesBuildPhase section */
		0D8B59FA228FADE4001D1A44 /* Sources */ = {
			isa = PBXSourcesBuildPhase;
			buildActionMask = 2147483647;
			files = (
				0D8B5A6F2293CBE1001D1A44 /* ResultNormalView.swift in Sources */,
				0D8B5A82229425F4001D1A44 /* RoundView.swift in Sources */,
				0D8B5A57229150B3001D1A44 /* QuizOptionButton.swift in Sources */,
				0D8B5A672292ECA4001D1A44 /* QuizWireframe.swift in Sources */,
				0D8B5A6B2293CB28001D1A44 /* ResultGoodView.swift in Sources */,
				0D8B5A04228FADE4001D1A44 /* ViewController.swift in Sources */,
				0D8B5A35228FD1BA001D1A44 /* UIColor+Addition.swift in Sources */,
				0D8B5A6322919509001D1A44 /* QuizPresenter.swift in Sources */,
				0D8B5A02228FADE4001D1A44 /* AppDelegate.swift in Sources */,
				0D8B5A5222914FC8001D1A44 /* QuizViewController.swift in Sources */,
				0D8B5A80229418CC001D1A44 /* ResultWireframe.swift in Sources */,
				0D8B5A4D228FF0D1001D1A44 /* TitleModel.swift in Sources */,
				0DC42A7822983DDF00A19088 /* UITableView+Addition.swift in Sources */,
				0D8B5A6522919513001D1A44 /* QuizModel.swift in Sources */,
				0DC42A60229592AA00A19088 /* Swift+Addition.swift in Sources */,
				0D8B5A31228FD07F001D1A44 /* TitleViewController.swift in Sources */,
				0DC42A7022981BC500A19088 /* PictureBookViewController.swift in Sources */,
				0DC42A682296F24400A19088 /* AppAboutViewController.swift in Sources */,
				0D8B5A8722942698001D1A44 /* RoundImage.swift in Sources */,
				0D8B5A49228FE0EA001D1A44 /* QuizInfo.swift in Sources */,
				0D8B5A7E22941599001D1A44 /* ResultModel.swift in Sources */,
				0DC42A6C2298139900A19088 /* UILabel+IB.swift in Sources */,
				0D8B5A3F228FD2FD001D1A44 /* ResultViewController.swift in Sources */,
				0D8B5A7A229413ED001D1A44 /* QuizRepository.swift in Sources */,
				0DC42A752298211000A19088 /* PictureBookTableViewCell.swift in Sources */,
				0D8B5A692292F2BD001D1A44 /* TitlePresenter.swift in Sources */,
				0D8B5A732293CC0E001D1A44 /* ResultBadView.swift in Sources */,
				0D8B5A7C2294158D001D1A44 /* ResultPresenter.swift in Sources */,
				0DC42A632296F02800A19088 /* InformationViewController.swift in Sources */,
				0DC42A7A22983E1200A19088 /* NSObject+Addition.swift in Sources */,
			);
			runOnlyForDeploymentPostprocessing = 0;
		};
		0D8B5A0E228FADE6001D1A44 /* Sources */ = {
			isa = PBXSourcesBuildPhase;
			buildActionMask = 2147483647;
			files = (
				0D8B5A17228FADE6001D1A44 /* WhoLegTests.swift in Sources */,
			);
			runOnlyForDeploymentPostprocessing = 0;
		};
		0D8B5A19228FADE6001D1A44 /* Sources */ = {
			isa = PBXSourcesBuildPhase;
			buildActionMask = 2147483647;
			files = (
				0D8B5A22228FADE6001D1A44 /* WhoLegUITests.swift in Sources */,
				0DC42A7C22993BEC00A19088 /* SnapshotHelper.swift in Sources */,
			);
			runOnlyForDeploymentPostprocessing = 0;
		};
/* End PBXSourcesBuildPhase section */

/* Begin PBXTargetDependency section */
		0D8B5A14228FADE6001D1A44 /* PBXTargetDependency */ = {
			isa = PBXTargetDependency;
			target = 0D8B59FD228FADE4001D1A44 /* WhoLeg */;
			targetProxy = 0D8B5A13228FADE6001D1A44 /* PBXContainerItemProxy */;
		};
		0D8B5A1F228FADE6001D1A44 /* PBXTargetDependency */ = {
			isa = PBXTargetDependency;
			target = 0D8B59FD228FADE4001D1A44 /* WhoLeg */;
			targetProxy = 0D8B5A1E228FADE6001D1A44 /* PBXContainerItemProxy */;
		};
/* End PBXTargetDependency section */

/* Begin PBXVariantGroup section */
		0D8B5A05228FADE4001D1A44 /* Main.storyboard */ = {
			isa = PBXVariantGroup;
			children = (
				0D8B5A06228FADE4001D1A44 /* Base */,
			);
			name = Main.storyboard;
			sourceTree = "<group>";
		};
		0D8B5A0A228FADE6001D1A44 /* LaunchScreen.storyboard */ = {
			isa = PBXVariantGroup;
			children = (
				0D8B5A0B228FADE6001D1A44 /* Base */,
			);
			name = LaunchScreen.storyboard;
			sourceTree = "<group>";
		};
/* End PBXVariantGroup section */

/* Begin XCBuildConfiguration section */
		0D8B5A24228FADE6001D1A44 /* Debug */ = {
			isa = XCBuildConfiguration;
			buildSettings = {
				ALWAYS_SEARCH_USER_PATHS = NO;
				CLANG_ANALYZER_NONNULL = YES;
				CLANG_ANALYZER_NUMBER_OBJECT_CONVERSION = YES_AGGRESSIVE;
				CLANG_CXX_LANGUAGE_STANDARD = "gnu++14";
				CLANG_CXX_LIBRARY = "libc++";
				CLANG_ENABLE_MODULES = YES;
				CLANG_ENABLE_OBJC_ARC = YES;
				CLANG_ENABLE_OBJC_WEAK = YES;
				CLANG_WARN_BLOCK_CAPTURE_AUTORELEASING = YES;
				CLANG_WARN_BOOL_CONVERSION = YES;
				CLANG_WARN_COMMA = YES;
				CLANG_WARN_CONSTANT_CONVERSION = YES;
				CLANG_WARN_DEPRECATED_OBJC_IMPLEMENTATIONS = YES;
				CLANG_WARN_DIRECT_OBJC_ISA_USAGE = YES_ERROR;
				CLANG_WARN_DOCUMENTATION_COMMENTS = YES;
				CLANG_WARN_EMPTY_BODY = YES;
				CLANG_WARN_ENUM_CONVERSION = YES;
				CLANG_WARN_INFINITE_RECURSION = YES;
				CLANG_WARN_INT_CONVERSION = YES;
				CLANG_WARN_NON_LITERAL_NULL_CONVERSION = YES;
				CLANG_WARN_OBJC_IMPLICIT_RETAIN_SELF = YES;
				CLANG_WARN_OBJC_LITERAL_CONVERSION = YES;
				CLANG_WARN_OBJC_ROOT_CLASS = YES_ERROR;
				CLANG_WARN_RANGE_LOOP_ANALYSIS = YES;
				CLANG_WARN_STRICT_PROTOTYPES = YES;
				CLANG_WARN_SUSPICIOUS_MOVE = YES;
				CLANG_WARN_UNGUARDED_AVAILABILITY = YES_AGGRESSIVE;
				CLANG_WARN_UNREACHABLE_CODE = YES;
				CLANG_WARN__DUPLICATE_METHOD_MATCH = YES;
				CODE_SIGN_IDENTITY = "iPhone Developer";
				COPY_PHASE_STRIP = NO;
				DEBUG_INFORMATION_FORMAT = dwarf;
				ENABLE_STRICT_OBJC_MSGSEND = YES;
				ENABLE_TESTABILITY = YES;
				GCC_C_LANGUAGE_STANDARD = gnu11;
				GCC_DYNAMIC_NO_PIC = NO;
				GCC_NO_COMMON_BLOCKS = YES;
				GCC_OPTIMIZATION_LEVEL = 0;
				GCC_PREPROCESSOR_DEFINITIONS = (
					"DEBUG=1",
					"$(inherited)",
				);
				GCC_WARN_64_TO_32_BIT_CONVERSION = YES;
				GCC_WARN_ABOUT_RETURN_TYPE = YES_ERROR;
				GCC_WARN_UNDECLARED_SELECTOR = YES;
				GCC_WARN_UNINITIALIZED_AUTOS = YES_AGGRESSIVE;
				GCC_WARN_UNUSED_FUNCTION = YES;
				GCC_WARN_UNUSED_VARIABLE = YES;
				IPHONEOS_DEPLOYMENT_TARGET = 12.2;
				MTL_ENABLE_DEBUG_INFO = INCLUDE_SOURCE;
				MTL_FAST_MATH = YES;
				ONLY_ACTIVE_ARCH = YES;
				SDKROOT = iphoneos;
				SWIFT_ACTIVE_COMPILATION_CONDITIONS = DEBUG;
				SWIFT_OPTIMIZATION_LEVEL = "-Onone";
			};
			name = Debug;
		};
		0D8B5A25228FADE6001D1A44 /* Release */ = {
			isa = XCBuildConfiguration;
			buildSettings = {
				ALWAYS_SEARCH_USER_PATHS = NO;
				CLANG_ANALYZER_NONNULL = YES;
				CLANG_ANALYZER_NUMBER_OBJECT_CONVERSION = YES_AGGRESSIVE;
				CLANG_CXX_LANGUAGE_STANDARD = "gnu++14";
				CLANG_CXX_LIBRARY = "libc++";
				CLANG_ENABLE_MODULES = YES;
				CLANG_ENABLE_OBJC_ARC = YES;
				CLANG_ENABLE_OBJC_WEAK = YES;
				CLANG_WARN_BLOCK_CAPTURE_AUTORELEASING = YES;
				CLANG_WARN_BOOL_CONVERSION = YES;
				CLANG_WARN_COMMA = YES;
				CLANG_WARN_CONSTANT_CONVERSION = YES;
				CLANG_WARN_DEPRECATED_OBJC_IMPLEMENTATIONS = YES;
				CLANG_WARN_DIRECT_OBJC_ISA_USAGE = YES_ERROR;
				CLANG_WARN_DOCUMENTATION_COMMENTS = YES;
				CLANG_WARN_EMPTY_BODY = YES;
				CLANG_WARN_ENUM_CONVERSION = YES;
				CLANG_WARN_INFINITE_RECURSION = YES;
				CLANG_WARN_INT_CONVERSION = YES;
				CLANG_WARN_NON_LITERAL_NULL_CONVERSION = YES;
				CLANG_WARN_OBJC_IMPLICIT_RETAIN_SELF = YES;
				CLANG_WARN_OBJC_LITERAL_CONVERSION = YES;
				CLANG_WARN_OBJC_ROOT_CLASS = YES_ERROR;
				CLANG_WARN_RANGE_LOOP_ANALYSIS = YES;
				CLANG_WARN_STRICT_PROTOTYPES = YES;
				CLANG_WARN_SUSPICIOUS_MOVE = YES;
				CLANG_WARN_UNGUARDED_AVAILABILITY = YES_AGGRESSIVE;
				CLANG_WARN_UNREACHABLE_CODE = YES;
				CLANG_WARN__DUPLICATE_METHOD_MATCH = YES;
				CODE_SIGN_IDENTITY = "iPhone Developer";
				COPY_PHASE_STRIP = NO;
				DEBUG_INFORMATION_FORMAT = "dwarf-with-dsym";
				ENABLE_NS_ASSERTIONS = NO;
				ENABLE_STRICT_OBJC_MSGSEND = YES;
				GCC_C_LANGUAGE_STANDARD = gnu11;
				GCC_NO_COMMON_BLOCKS = YES;
				GCC_WARN_64_TO_32_BIT_CONVERSION = YES;
				GCC_WARN_ABOUT_RETURN_TYPE = YES_ERROR;
				GCC_WARN_UNDECLARED_SELECTOR = YES;
				GCC_WARN_UNINITIALIZED_AUTOS = YES_AGGRESSIVE;
				GCC_WARN_UNUSED_FUNCTION = YES;
				GCC_WARN_UNUSED_VARIABLE = YES;
				IPHONEOS_DEPLOYMENT_TARGET = 12.2;
				MTL_ENABLE_DEBUG_INFO = NO;
				MTL_FAST_MATH = YES;
				SDKROOT = iphoneos;
				SWIFT_COMPILATION_MODE = wholemodule;
				SWIFT_OPTIMIZATION_LEVEL = "-O";
				VALIDATE_PRODUCT = YES;
			};
			name = Release;
		};
		0D8B5A27228FADE6001D1A44 /* Debug */ = {
			isa = XCBuildConfiguration;
			baseConfigurationReference = 5AC864F7FAFAABB85CEEB6CA /* Pods-WhoLeg.debug.xcconfig */;
			buildSettings = {
				ASSETCATALOG_COMPILER_APPICON_NAME = AppIcon;
				CODE_SIGN_STYLE = Automatic;
				DEVELOPMENT_TEAM = 24BSY9Z4H5;
				INFOPLIST_FILE = WhoLeg/Info.plist;
				LD_RUNPATH_SEARCH_PATHS = (
					"$(inherited)",
					"@executable_path/Frameworks",
				);
				PRODUCT_BUNDLE_IDENTIFIER = harumidiv.WhoLeg;
				PRODUCT_NAME = "$(TARGET_NAME)";
				SWIFT_VERSION = 5.0;
				TARGETED_DEVICE_FAMILY = "1,2";
			};
			name = Debug;
		};
		0D8B5A28228FADE6001D1A44 /* Release */ = {
			isa = XCBuildConfiguration;
			baseConfigurationReference = 584C3FD79D6FF4C95DCAFF12 /* Pods-WhoLeg.release.xcconfig */;
			buildSettings = {
				ASSETCATALOG_COMPILER_APPICON_NAME = AppIcon;
				CODE_SIGN_STYLE = Automatic;
				DEVELOPMENT_TEAM = 24BSY9Z4H5;
				INFOPLIST_FILE = WhoLeg/Info.plist;
				LD_RUNPATH_SEARCH_PATHS = (
					"$(inherited)",
					"@executable_path/Frameworks",
				);
				PRODUCT_BUNDLE_IDENTIFIER = harumidiv.WhoLeg;
				PRODUCT_NAME = "$(TARGET_NAME)";
				SWIFT_VERSION = 5.0;
				TARGETED_DEVICE_FAMILY = "1,2";
			};
			name = Release;
		};
		0D8B5A2A228FADE6001D1A44 /* Debug */ = {
			isa = XCBuildConfiguration;
			baseConfigurationReference = C22053ADB83E54E6A4B90650 /* Pods-WhoLegTests.debug.xcconfig */;
			buildSettings = {
				ALWAYS_EMBED_SWIFT_STANDARD_LIBRARIES = YES;
				BUNDLE_LOADER = "$(TEST_HOST)";
				CODE_SIGN_STYLE = Automatic;
				DEVELOPMENT_TEAM = 24BSY9Z4H5;
				INFOPLIST_FILE = WhoLegTests/Info.plist;
				LD_RUNPATH_SEARCH_PATHS = (
					"$(inherited)",
					"@executable_path/Frameworks",
					"@loader_path/Frameworks",
				);
				PRODUCT_BUNDLE_IDENTIFIER = harumidiv.WhoLegTests;
				PRODUCT_NAME = "$(TARGET_NAME)";
				SWIFT_VERSION = 5.0;
				TARGETED_DEVICE_FAMILY = "1,2";
				TEST_HOST = "$(BUILT_PRODUCTS_DIR)/WhoLeg.app/WhoLeg";
			};
			name = Debug;
		};
		0D8B5A2B228FADE6001D1A44 /* Release */ = {
			isa = XCBuildConfiguration;
			baseConfigurationReference = 4CD0F9030F08E995E0B410A4 /* Pods-WhoLegTests.release.xcconfig */;
			buildSettings = {
				ALWAYS_EMBED_SWIFT_STANDARD_LIBRARIES = YES;
				BUNDLE_LOADER = "$(TEST_HOST)";
				CODE_SIGN_STYLE = Automatic;
				DEVELOPMENT_TEAM = 24BSY9Z4H5;
				INFOPLIST_FILE = WhoLegTests/Info.plist;
				LD_RUNPATH_SEARCH_PATHS = (
					"$(inherited)",
					"@executable_path/Frameworks",
					"@loader_path/Frameworks",
				);
				PRODUCT_BUNDLE_IDENTIFIER = harumidiv.WhoLegTests;
				PRODUCT_NAME = "$(TARGET_NAME)";
				SWIFT_VERSION = 5.0;
				TARGETED_DEVICE_FAMILY = "1,2";
				TEST_HOST = "$(BUILT_PRODUCTS_DIR)/WhoLeg.app/WhoLeg";
			};
			name = Release;
		};
		0D8B5A2D228FADE6001D1A44 /* Debug */ = {
			isa = XCBuildConfiguration;
			baseConfigurationReference = 8581950AC1E9AF5F52676B2B /* Pods-WhoLegUITests.debug.xcconfig */;
			buildSettings = {
				ALWAYS_EMBED_SWIFT_STANDARD_LIBRARIES = YES;
				CODE_SIGN_STYLE = Automatic;
				DEVELOPMENT_TEAM = 24BSY9Z4H5;
				INFOPLIST_FILE = WhoLegUITests/Info.plist;
				LD_RUNPATH_SEARCH_PATHS = (
					"$(inherited)",
					"@executable_path/Frameworks",
					"@loader_path/Frameworks",
				);
				PRODUCT_BUNDLE_IDENTIFIER = harumidiv.WhoLegUITests;
				PRODUCT_NAME = "$(TARGET_NAME)";
				SWIFT_VERSION = 5.0;
				TARGETED_DEVICE_FAMILY = "1,2";
				TEST_TARGET_NAME = WhoLeg;
			};
			name = Debug;
		};
		0D8B5A2E228FADE6001D1A44 /* Release */ = {
			isa = XCBuildConfiguration;
			baseConfigurationReference = 2263196256B0880C1D3CAF99 /* Pods-WhoLegUITests.release.xcconfig */;
			buildSettings = {
				ALWAYS_EMBED_SWIFT_STANDARD_LIBRARIES = YES;
				CODE_SIGN_STYLE = Automatic;
				DEVELOPMENT_TEAM = 24BSY9Z4H5;
				INFOPLIST_FILE = WhoLegUITests/Info.plist;
				LD_RUNPATH_SEARCH_PATHS = (
					"$(inherited)",
					"@executable_path/Frameworks",
					"@loader_path/Frameworks",
				);
				PRODUCT_BUNDLE_IDENTIFIER = harumidiv.WhoLegUITests;
				PRODUCT_NAME = "$(TARGET_NAME)";
				SWIFT_VERSION = 5.0;
				TARGETED_DEVICE_FAMILY = "1,2";
				TEST_TARGET_NAME = WhoLeg;
			};
			name = Release;
		};
/* End XCBuildConfiguration section */

/* Begin XCConfigurationList section */
		0D8B59F9228FADE4001D1A44 /* Build configuration list for PBXProject "WhoLeg" */ = {
			isa = XCConfigurationList;
			buildConfigurations = (
				0D8B5A24228FADE6001D1A44 /* Debug */,
				0D8B5A25228FADE6001D1A44 /* Release */,
			);
			defaultConfigurationIsVisible = 0;
			defaultConfigurationName = Release;
		};
		0D8B5A26228FADE6001D1A44 /* Build configuration list for PBXNativeTarget "WhoLeg" */ = {
			isa = XCConfigurationList;
			buildConfigurations = (
				0D8B5A27228FADE6001D1A44 /* Debug */,
				0D8B5A28228FADE6001D1A44 /* Release */,
			);
			defaultConfigurationIsVisible = 0;
			defaultConfigurationName = Release;
		};
		0D8B5A29228FADE6001D1A44 /* Build configuration list for PBXNativeTarget "WhoLegTests" */ = {
			isa = XCConfigurationList;
			buildConfigurations = (
				0D8B5A2A228FADE6001D1A44 /* Debug */,
				0D8B5A2B228FADE6001D1A44 /* Release */,
			);
			defaultConfigurationIsVisible = 0;
			defaultConfigurationName = Release;
		};
		0D8B5A2C228FADE6001D1A44 /* Build configuration list for PBXNativeTarget "WhoLegUITests" */ = {
			isa = XCConfigurationList;
			buildConfigurations = (
				0D8B5A2D228FADE6001D1A44 /* Debug */,
				0D8B5A2E228FADE6001D1A44 /* Release */,
			);
			defaultConfigurationIsVisible = 0;
			defaultConfigurationName = Release;
		};
/* End XCConfigurationList section */
	};
	rootObject = 0D8B59F6228FADE4001D1A44 /* Project object */;
}
